// !$*UTF8*$!
{
	archiveVersion = 1;
	classes = {
	};
	objectVersion = 48;
	objects = {

/* Begin PBXBuildFile section */
		353161882043EC4E006F13E0 /* AppDelegate.swift in Sources */ = {isa = PBXBuildFile; fileRef = 353161872043EC4E006F13E0 /* AppDelegate.swift */; };
		3531618A2043EC4E006F13E0 /* ViewController.swift in Sources */ = {isa = PBXBuildFile; fileRef = 353161892043EC4E006F13E0 /* ViewController.swift */; };
		3531618D2043EC4E006F13E0 /* Main.storyboard in Resources */ = {isa = PBXBuildFile; fileRef = 3531618B2043EC4E006F13E0 /* Main.storyboard */; };
		3531618F2043EC4E006F13E0 /* Assets.xcassets in Resources */ = {isa = PBXBuildFile; fileRef = 3531618E2043EC4E006F13E0 /* Assets.xcassets */; };
		353161922043EC4E006F13E0 /* LaunchScreen.storyboard in Resources */ = {isa = PBXBuildFile; fileRef = 353161902043EC4E006F13E0 /* LaunchScreen.storyboard */; };
		3531619D2043EC4E006F13E0 /* learn_designPatternsTests.swift in Sources */ = {isa = PBXBuildFile; fileRef = 3531619C2043EC4E006F13E0 /* learn_designPatternsTests.swift */; };
/* End PBXBuildFile section */

/* Begin PBXContainerItemProxy section */
		353161992043EC4E006F13E0 /* PBXContainerItemProxy */ = {
			isa = PBXContainerItemProxy;
			containerPortal = 3531617C2043EC4E006F13E0 /* Project object */;
			proxyType = 1;
			remoteGlobalIDString = 353161832043EC4E006F13E0;
			remoteInfo = "learn-designPatterns";
		};
/* End PBXContainerItemProxy section */

/* Begin PBXFileReference section */
		353161842043EC4E006F13E0 /* learn-designPatterns.app */ = {isa = PBXFileReference; explicitFileType = wrapper.application; includeInIndex = 0; path = "learn-designPatterns.app"; sourceTree = BUILT_PRODUCTS_DIR; };
		353161872043EC4E006F13E0 /* AppDelegate.swift */ = {isa = PBXFileReference; lastKnownFileType = sourcecode.swift; path = AppDelegate.swift; sourceTree = "<group>"; };
		353161892043EC4E006F13E0 /* ViewController.swift */ = {isa = PBXFileReference; lastKnownFileType = sourcecode.swift; path = ViewController.swift; sourceTree = "<group>"; };
		3531618C2043EC4E006F13E0 /* Base */ = {isa = PBXFileReference; lastKnownFileType = file.storyboard; name = Base; path = Base.lproj/Main.storyboard; sourceTree = "<group>"; };
		3531618E2043EC4E006F13E0 /* Assets.xcassets */ = {isa = PBXFileReference; lastKnownFileType = folder.assetcatalog; path = Assets.xcassets; sourceTree = "<group>"; };
		353161912043EC4E006F13E0 /* Base */ = {isa = PBXFileReference; lastKnownFileType = file.storyboard; name = Base; path = Base.lproj/LaunchScreen.storyboard; sourceTree = "<group>"; };
		353161932043EC4E006F13E0 /* Info.plist */ = {isa = PBXFileReference; lastKnownFileType = text.plist.xml; path = Info.plist; sourceTree = "<group>"; };
		353161982043EC4E006F13E0 /* learn-designPatternsTests.xctest */ = {isa = PBXFileReference; explicitFileType = wrapper.cfbundle; includeInIndex = 0; path = "learn-designPatternsTests.xctest"; sourceTree = BUILT_PRODUCTS_DIR; };
		3531619C2043EC4E006F13E0 /* learn_designPatternsTests.swift */ = {isa = PBXFileReference; lastKnownFileType = sourcecode.swift; path = learn_designPatternsTests.swift; sourceTree = "<group>"; };
		3531619E2043EC4E006F13E0 /* Info.plist */ = {isa = PBXFileReference; lastKnownFileType = text.plist.xml; path = Info.plist; sourceTree = "<group>"; };
/* End PBXFileReference section */

/* Begin PBXFrameworksBuildPhase section */
		353161812043EC4E006F13E0 /* Frameworks */ = {
			isa = PBXFrameworksBuildPhase;
			buildActionMask = 2147483647;
			files = (
			);
			runOnlyForDeploymentPostprocessing = 0;
		};
		353161952043EC4E006F13E0 /* Frameworks */ = {
			isa = PBXFrameworksBuildPhase;
			buildActionMask = 2147483647;
			files = (
			);
			runOnlyForDeploymentPostprocessing = 0;
		};
/* End PBXFrameworksBuildPhase section */

/* Begin PBXGroup section */
		3531617B2043EC4E006F13E0 = {
			isa = PBXGroup;
			children = (
				353161862043EC4E006F13E0 /* learn-designPatterns */,
				3531619B2043EC4E006F13E0 /* learn-designPatternsTests */,
				353161852043EC4E006F13E0 /* Products */,
			);
			sourceTree = "<group>";
		};
		353161852043EC4E006F13E0 /* Products */ = {
			isa = PBXGroup;
			children = (
				353161842043EC4E006F13E0 /* learn-designPatterns.app */,
				353161982043EC4E006F13E0 /* learn-designPatternsTests.xctest */,
			);
			name = Products;
			sourceTree = "<group>";
		};
		353161862043EC4E006F13E0 /* learn-designPatterns */ = {
			isa = PBXGroup;
			children = (
				353161872043EC4E006F13E0 /* AppDelegate.swift */,
				353161892043EC4E006F13E0 /* ViewController.swift */,
				3531618B2043EC4E006F13E0 /* Main.storyboard */,
				3531618E2043EC4E006F13E0 /* Assets.xcassets */,
				353161902043EC4E006F13E0 /* LaunchScreen.storyboard */,
				353161932043EC4E006F13E0 /* Info.plist */,
			);
			path = "learn-designPatterns";
			sourceTree = "<group>";
		};
		3531619B2043EC4E006F13E0 /* learn-designPatternsTests */ = {
			isa = PBXGroup;
			children = (
				3531619C2043EC4E006F13E0 /* learn_designPatternsTests.swift */,
				3531619E2043EC4E006F13E0 /* Info.plist */,
			);
			path = "learn-designPatternsTests";
			sourceTree = "<group>";
		};
/* End PBXGroup section */

/* Begin PBXNativeTarget section */
		353161832043EC4E006F13E0 /* learn-designPatterns */ = {
			isa = PBXNativeTarget;
			buildConfigurationList = 353161A12043EC4E006F13E0 /* Build configuration list for PBXNativeTarget "learn-designPatterns" */;
			buildPhases = (
				353161802043EC4E006F13E0 /* Sources */,
				353161812043EC4E006F13E0 /* Frameworks */,
				353161822043EC4E006F13E0 /* Resources */,
			);
			buildRules = (
			);
			dependencies = (
			);
			name = "learn-designPatterns";
			productName = "learn-designPatterns";
			productReference = 353161842043EC4E006F13E0 /* learn-designPatterns.app */;
			productType = "com.apple.product-type.application";
		};
		353161972043EC4E006F13E0 /* learn-designPatternsTests */ = {
			isa = PBXNativeTarget;
			buildConfigurationList = 353161A42043EC4E006F13E0 /* Build configuration list for PBXNativeTarget "learn-designPatternsTests" */;
			buildPhases = (
				353161942043EC4E006F13E0 /* Sources */,
				353161952043EC4E006F13E0 /* Frameworks */,
				353161962043EC4E006F13E0 /* Resources */,
			);
			buildRules = (
			);
			dependencies = (
				3531619A2043EC4E006F13E0 /* PBXTargetDependency */,
			);
			name = "learn-designPatternsTests";
			productName = "learn-designPatternsTests";
			productReference = 353161982043EC4E006F13E0 /* learn-designPatternsTests.xctest */;
			productType = "com.apple.product-type.bundle.unit-test";
		};
/* End PBXNativeTarget section */

/* Begin PBXProject section */
		3531617C2043EC4E006F13E0 /* Project object */ = {
			isa = PBXProject;
			attributes = {
				LastSwiftUpdateCheck = 0920;
				LastUpgradeCheck = 0920;
				ORGANIZATIONNAME = "王智刚";
				TargetAttributes = {
					353161832043EC4E006F13E0 = {
						CreatedOnToolsVersion = 9.2;
						ProvisioningStyle = Automatic;
					};
					353161972043EC4E006F13E0 = {
						CreatedOnToolsVersion = 9.2;
						ProvisioningStyle = Automatic;
						TestTargetID = 353161832043EC4E006F13E0;
					};
				};
			};
			buildConfigurationList = 3531617F2043EC4E006F13E0 /* Build configuration list for PBXProject "learn-designPatterns" */;
			compatibilityVersion = "Xcode 8.0";
			developmentRegion = en;
			hasScannedForEncodings = 0;
			knownRegions = (
				en,
				Base,
			);
			mainGroup = 3531617B2043EC4E006F13E0;
			productRefGroup = 353161852043EC4E006F13E0 /* Products */;
			projectDirPath = "";
			projectRoot = "";
			targets = (
				353161832043EC4E006F13E0 /* learn-designPatterns */,
				353161972043EC4E006F13E0 /* learn-designPatternsTests */,
			);
		};
/* End PBXProject section */

/* Begin PBXResourcesBuildPhase section */
		353161822043EC4E006F13E0 /* Resources */ = {
			isa = PBXResourcesBuildPhase;
			buildActionMask = 2147483647;
			files = (
				353161922043EC4E006F13E0 /* LaunchScreen.storyboard in Resources */,
				3531618F2043EC4E006F13E0 /* Assets.xcassets in Resources */,
				3531618D2043EC4E006F13E0 /* Main.storyboard in Resources */,
			);
			runOnlyForDeploymentPostprocessing = 0;
		};
		353161962043EC4E006F13E0 /* Resources */ = {
			isa = PBXResourcesBuildPhase;
			buildActionMask = 2147483647;
			files = (
			);
			runOnlyForDeploymentPostprocessing = 0;
		};
/* End PBXResourcesBuildPhase section */

/* Begin PBXSourcesBuildPhase section */
		353161802043EC4E006F13E0 /* Sources */ = {
			isa = PBXSourcesBuildPhase;
			buildActionMask = 2147483647;
			files = (
				3531618A2043EC4E006F13E0 /* ViewController.swift in Sources */,
				353161882043EC4E006F13E0 /* AppDelegate.swift in Sources */,
			);
			runOnlyForDeploymentPostprocessing = 0;
		};
		353161942043EC4E006F13E0 /* Sources */ = {
			isa = PBXSourcesBuildPhase;
			buildActionMask = 2147483647;
			files = (
				3531619D2043EC4E006F13E0 /* learn_designPatternsTests.swift in Sources */,
			);
			runOnlyForDeploymentPostprocessing = 0;
		};
/* End PBXSourcesBuildPhase section */

/* Begin PBXTargetDependency section */
		3531619A2043EC4E006F13E0 /* PBXTargetDependency */ = {
			isa = PBXTargetDependency;
			target = 353161832043EC4E006F13E0 /* learn-designPatterns */;
			targetProxy = 353161992043EC4E006F13E0 /* PBXContainerItemProxy */;
		};
/* End PBXTargetDependency section */

/* Begin PBXVariantGroup section */
		3531618B2043EC4E006F13E0 /* Main.storyboard */ = {
			isa = PBXVariantGroup;
			children = (
				3531618C2043EC4E006F13E0 /* Base */,
			);
			name = Main.storyboard;
			sourceTree = "<group>";
		};
		353161902043EC4E006F13E0 /* LaunchScreen.storyboard */ = {
			isa = PBXVariantGroup;
			children = (
				353161912043EC4E006F13E0 /* Base */,
			);
			name = LaunchScreen.storyboard;
			sourceTree = "<group>";
		};
/* End PBXVariantGroup section */

/* Begin XCBuildConfiguration section */
		3531619F2043EC4E006F13E0 /* Debug */ = {
			isa = XCBuildConfiguration;
			buildSettings = {
				ALWAYS_SEARCH_USER_PATHS = NO;
				CLANG_ANALYZER_NONNULL = YES;
				CLANG_ANALYZER_NUMBER_OBJECT_CONVERSION = YES_AGGRESSIVE;
				CLANG_CXX_LANGUAGE_STANDARD = "gnu++14";
				CLANG_CXX_LIBRARY = "libc++";
				CLANG_ENABLE_MODULES = YES;
				CLANG_ENABLE_OBJC_ARC = YES;
				CLANG_WARN_BLOCK_CAPTURE_AUTORELEASING = YES;
				CLANG_WARN_BOOL_CONVERSION = YES;
				CLANG_WARN_COMMA = YES;
				CLANG_WARN_CONSTANT_CONVERSION = YES;
				CLANG_WARN_DIRECT_OBJC_ISA_USAGE = YES_ERROR;
				CLANG_WARN_DOCUMENTATION_COMMENTS = YES;
				CLANG_WARN_EMPTY_BODY = YES;
				CLANG_WARN_ENUM_CONVERSION = YES;
				CLANG_WARN_INFINITE_RECURSION = YES;
				CLANG_WARN_INT_CONVERSION = YES;
				CLANG_WARN_NON_LITERAL_NULL_CONVERSION = YES;
				CLANG_WARN_OBJC_LITERAL_CONVERSION = YES;
				CLANG_WARN_OBJC_ROOT_CLASS = YES_ERROR;
				CLANG_WARN_RANGE_LOOP_ANALYSIS = YES;
				CLANG_WARN_STRICT_PROTOTYPES = YES;
				CLANG_WARN_SUSPICIOUS_MOVE = YES;
				CLANG_WARN_UNGUARDED_AVAILABILITY = YES_AGGRESSIVE;
				CLANG_WARN_UNREACHABLE_CODE = YES;
				CLANG_WARN__DUPLICATE_METHOD_MATCH = YES;
				CODE_SIGN_IDENTITY = "iPhone Developer";
				COPY_PHASE_STRIP = NO;
				DEBUG_INFORMATION_FORMAT = dwarf;
				ENABLE_STRICT_OBJC_MSGSEND = YES;
				ENABLE_TESTABILITY = YES;
				GCC_C_LANGUAGE_STANDARD = gnu11;
				GCC_DYNAMIC_NO_PIC = NO;
				GCC_NO_COMMON_BLOCKS = YES;
				GCC_OPTIMIZATION_LEVEL = 0;
				GCC_PREPROCESSOR_DEFINITIONS = (
					"DEBUG=1",
					"$(inherited)",
				);
				GCC_WARN_64_TO_32_BIT_CONVERSION = YES;
				GCC_WARN_ABOUT_RETURN_TYPE = YES_ERROR;
				GCC_WARN_UNDECLARED_SELECTOR = YES;
				GCC_WARN_UNINITIALIZED_AUTOS = YES_AGGRESSIVE;
				GCC_WARN_UNUSED_FUNCTION = YES;
				GCC_WARN_UNUSED_VARIABLE = YES;
				IPHONEOS_DEPLOYMENT_TARGET = 11.2;
				MTL_ENABLE_DEBUG_INFO = YES;
				ONLY_ACTIVE_ARCH = YES;
				SDKROOT = iphoneos;
				SWIFT_ACTIVE_COMPILATION_CONDITIONS = DEBUG;
				SWIFT_OPTIMIZATION_LEVEL = "-Onone";
			};
			name = Debug;
		};
		353161A02043EC4E006F13E0 /* Release */ = {
			isa = XCBuildConfiguration;
			buildSettings = {
				ALWAYS_SEARCH_USER_PATHS = NO;
				CLANG_ANALYZER_NONNULL = YES;
				CLANG_ANALYZER_NUMBER_OBJECT_CONVERSION = YES_AGGRESSIVE;
				CLANG_CXX_LANGUAGE_STANDARD = "gnu++14";
				CLANG_CXX_LIBRARY = "libc++";
				CLANG_ENABLE_MODULES = YES;
				CLANG_ENABLE_OBJC_ARC = YES;
				CLANG_WARN_BLOCK_CAPTURE_AUTORELEASING = YES;
				CLANG_WARN_BOOL_CONVERSION = YES;
				CLANG_WARN_COMMA = YES;
				CLANG_WARN_CONSTANT_CONVERSION = YES;
				CLANG_WARN_DIRECT_OBJC_ISA_USAGE = YES_ERROR;
				CLANG_WARN_DOCUMENTATION_COMMENTS = YES;
				CLANG_WARN_EMPTY_BODY = YES;
				CLANG_WARN_ENUM_CONVERSION = YES;
				CLANG_WARN_INFINITE_RECURSION = YES;
				CLANG_WARN_INT_CONVERSION = YES;
				CLANG_WARN_NON_LITERAL_NULL_CONVERSION = YES;
				CLANG_WARN_OBJC_LITERAL_CONVERSION = YES;
				CLANG_WARN_OBJC_ROOT_CLASS = YES_ERROR;
				CLANG_WARN_RANGE_LOOP_ANALYSIS = YES;
				CLANG_WARN_STRICT_PROTOTYPES = YES;
				CLANG_WARN_SUSPICIOUS_MOVE = YES;
				CLANG_WARN_UNGUARDED_AVAILABILITY = YES_AGGRESSIVE;
				CLANG_WARN_UNREACHABLE_CODE = YES;
				CLANG_WARN__DUPLICATE_METHOD_MATCH = YES;
				CODE_SIGN_IDENTITY = "iPhone Developer";
				COPY_PHASE_STRIP = NO;
				DEBUG_INFORMATION_FORMAT = "dwarf-with-dsym";
				ENABLE_NS_ASSERTIONS = NO;
				ENABLE_STRICT_OBJC_MSGSEND = YES;
				GCC_C_LANGUAGE_STANDARD = gnu11;
				GCC_NO_COMMON_BLOCKS = YES;
				GCC_WARN_64_TO_32_BIT_CONVERSION = YES;
				GCC_WARN_ABOUT_RETURN_TYPE = YES_ERROR;
				GCC_WARN_UNDECLARED_SELECTOR = YES;
				GCC_WARN_UNINITIALIZED_AUTOS = YES_AGGRESSIVE;
				GCC_WARN_UNUSED_FUNCTION = YES;
				GCC_WARN_UNUSED_VARIABLE = YES;
				IPHONEOS_DEPLOYMENT_TARGET = 11.2;
				MTL_ENABLE_DEBUG_INFO = NO;
				SDKROOT = iphoneos;
				SWIFT_OPTIMIZATION_LEVEL = "-Owholemodule";
				VALIDATE_PRODUCT = YES;
			};
			name = Release;
		};
		353161A22043EC4E006F13E0 /* Debug */ = {
			isa = XCBuildConfiguration;
			buildSettings = {
				ASSETCATALOG_COMPILER_APPICON_NAME = AppIcon;
				CODE_SIGN_STYLE = Automatic;
				DEVELOPMENT_TEAM = YH9Z7WK452;
				INFOPLIST_FILE = "learn-designPatterns/Info.plist";
				LD_RUNPATH_SEARCH_PATHS = "$(inherited) @executable_path/Frameworks";
				PRODUCT_BUNDLE_IDENTIFIER = "com.test.123.learn-designPatterns";
				PRODUCT_NAME = "$(TARGET_NAME)";
				SWIFT_VERSION = 4.0;
				TARGETED_DEVICE_FAMILY = "1,2";
			};
			name = Debug;
		};
		353161A32043EC4E006F13E0 /* Release */ = {
			isa = XCBuildConfiguration;
			buildSettings = {
				ASSETCATALOG_COMPILER_APPICON_NAME = AppIcon;
				CODE_SIGN_STYLE = Automatic;
				DEVELOPMENT_TEAM = YH9Z7WK452;
				INFOPLIST_FILE = "learn-designPatterns/Info.plist";
				LD_RUNPATH_SEARCH_PATHS = "$(inherited) @executable_path/Frameworks";
				PRODUCT_BUNDLE_IDENTIFIER = "com.test.123.learn-designPatterns";
				PRODUCT_NAME = "$(TARGET_NAME)";
				SWIFT_VERSION = 4.0;
				TARGETED_DEVICE_FAMILY = "1,2";
			};
			name = Release;
		};
		353161A52043EC4E006F13E0 /* Debug */ = {
			isa = XCBuildConfiguration;
			buildSettings = {
				ALWAYS_EMBED_SWIFT_STANDARD_LIBRARIES = YES;
				BUNDLE_LOADER = "$(TEST_HOST)";
				CODE_SIGN_STYLE = Automatic;
				DEVELOPMENT_TEAM = YH9Z7WK452;
				INFOPLIST_FILE = "learn-designPatternsTests/Info.plist";
				LD_RUNPATH_SEARCH_PATHS = "$(inherited) @executable_path/Frameworks @loader_path/Frameworks";
				PRODUCT_BUNDLE_IDENTIFIER = "com.test.123.learn-designPatternsTests";
				PRODUCT_NAME = "$(TARGET_NAME)";
				SWIFT_VERSION = 4.0;
				TARGETED_DEVICE_FAMILY = "1,2";
				TEST_HOST = "$(BUILT_PRODUCTS_DIR)/learn-designPatterns.app/learn-designPatterns";
			};
			name = Debug;
		};
		353161A62043EC4E006F13E0 /* Release */ = {
			isa = XCBuildConfiguration;
			buildSettings = {
				ALWAYS_EMBED_SWIFT_STANDARD_LIBRARIES = YES;
				BUNDLE_LOADER = "$(TEST_HOST)";
				CODE_SIGN_STYLE = Automatic;
				DEVELOPMENT_TEAM = YH9Z7WK452;
				INFOPLIST_FILE = "learn-designPatternsTests/Info.plist";
				LD_RUNPATH_SEARCH_PATHS = "$(inherited) @executable_path/Frameworks @loader_path/Frameworks";
				PRODUCT_BUNDLE_IDENTIFIER = "com.test.123.learn-designPatternsTests";
				PRODUCT_NAME = "$(TARGET_NAME)";
				SWIFT_VERSION = 4.0;
				TARGETED_DEVICE_FAMILY = "1,2";
				TEST_HOST = "$(BUILT_PRODUCTS_DIR)/learn-designPatterns.app/learn-designPatterns";
			};
			name = Release;
		};
/* End XCBuildConfiguration section */

/* Begin XCConfigurationList section */
		3531617F2043EC4E006F13E0 /* Build configuration list for PBXProject "learn-designPatterns" */ = {
			isa = XCConfigurationList;
			buildConfigurations = (
				3531619F2043EC4E006F13E0 /* Debug */,
				353161A02043EC4E006F13E0 /* Release */,
			);
			defaultConfigurationIsVisible = 0;
			defaultConfigurationName = Release;
		};
		353161A12043EC4E006F13E0 /* Build configuration list for PBXNativeTarget "learn-designPatterns" */ = {
			isa = XCConfigurationList;
			buildConfigurations = (
				353161A22043EC4E006F13E0 /* Debug */,
				353161A32043EC4E006F13E0 /* Release */,
			);
			defaultConfigurationIsVisible = 0;
			defaultConfigurationName = Release;
		};
		353161A42043EC4E006F13E0 /* Build configuration list for PBXNativeTarget "learn-designPatternsTests" */ = {
			isa = XCConfigurationList;
			buildConfigurations = (
				353161A52043EC4E006F13E0 /* Debug */,
				353161A62043EC4E006F13E0 /* Release */,
			);
			defaultConfigurationIsVisible = 0;
			defaultConfigurationName = Release;
		};
/* End XCConfigurationList section */
	};
	rootObject = 3531617C2043EC4E006F13E0 /* Project object */;
}
